
Microsoft Visual Studio Solution File, Format Version 12.00
# Visual Studio Version 17
VisualStudioVersion = 17.3.32929.385
MinimumVisualStudioVersion = 10.0.40219.1
Project("{FAE04EC0-301F-11D3-BF4B-00C04F79EFBC}") = "Kolko i Krzyzyk", "Kolko i Krzyzyk\Kolko i Krzyzyk.csproj", "{8F98E04F-87E4-43A0-B2A2-249676166E56}"
EndProject
Global
	GlobalSection(SolutionConfigurationPlatforms) = preSolution
		Debug|Any CPU = Debug|Any CPU
		Release|Any CPU = Release|Any CPU
	EndGlobalSection
	GlobalSection(ProjectConfigurationPlatforms) = postSolution
		{8F98E04F-87E4-43A0-B2A2-249676166E56}.Debug|Any CPU.ActiveCfg = Debug|Any CPU
		{8F98E04F-87E4-43A0-B2A2-249676166E56}.Debug|Any CPU.Build.0 = Debug|Any CPU
		{8F98E04F-87E4-43A0-B2A2-249676166E56}.Release|Any CPU.ActiveCfg = Release|Any CPU
		{8F98E04F-87E4-43A0-B2A2-249676166E56}.Release|Any CPU.Build.0 = Release|Any CPU
	EndGlobalSection
	GlobalSection(SolutionProperties) = preSolution
		HideSolutionNode = FALSE
	EndGlobalSection
	GlobalSection(ExtensibilityGlobals) = postSolution
		SolutionGuid = {259BF128-AC4B-43E1-8E10-B016B7BDAD1F}
	EndGlobalSection
EndGlobal
